PODS:
  - BLEManager (1.0.0)

DEPENDENCIES:
  - BLEManager (from `https://github.com/Hassaniiii/BLEManager.git`)

EXTERNAL SOURCES:
  BLEManager:
    :git: https://github.com/Hassaniiii/BLEManager.git

CHECKOUT OPTIONS:
  BLEManager:
    :commit: f4f1a6e416ecb3754bd856445b95d611f9b8d1b8
    :git: https://github.com/Hassaniiii/BLEManager.git

SPEC CHECKSUMS:
  BLEManager: 5a4d53e59cb99bb419185e2f6000ec25e15c2783

PODFILE CHECKSUM: 565decaeb2d2916426fabdd927b052c2de950add

COCOAPODS: 1.4.0
