PODS:
  - BLEManager (1.0.0)

DEPENDENCIES:
  - BLEManager (from `https://github.com/Hassaniiii/BLEManager.git`)

EXTERNAL SOURCES:
  BLEManager:
    :git: https://github.com/Hassaniiii/BLEManager.git

CHECKOUT OPTIONS:
  BLEManager:
    :commit: 9340f15770de81d3716c0a9582583fc510b11d77
    :git: https://github.com/Hassaniiii/BLEManager.git

SPEC CHECKSUMS:
  BLEManager: 5a4d53e59cb99bb419185e2f6000ec25e15c2783

PODFILE CHECKSUM: 565decaeb2d2916426fabdd927b052c2de950add

COCOAPODS: 1.3.1
